
Microsoft Visual Studio Solution File, Format Version 12.00
# Visual Studio Version 17
VisualStudioVersion = 17.5.002.0
MinimumVisualStudioVersion = 10.0.40219.1
Project("{2150E333-8FDC-42A3-9474-1A3956D46DE8}") = "src", "src", "{2D369AE4-06A4-4306-8451-B45120B369C6}"
EndProject
Project("{9A19103F-16F7-4668-BE54-9A1E7A4F7556}") = "Play.Identity.Service", "src\Play.Identity.Service\Play.Identity.Service.csproj", "{8C013E8E-0ADC-4918-A97C-9BEC6F49F68C}"
EndProject
Global
	GlobalSection(SolutionConfigurationPlatforms) = preSolution
		Debug|Any CPU = Debug|Any CPU
		Release|Any CPU = Release|Any CPU
	EndGlobalSection
	GlobalSection(ProjectConfigurationPlatforms) = postSolution
		{8C013E8E-0ADC-4918-A97C-9BEC6F49F68C}.Debug|Any CPU.ActiveCfg = Debug|Any CPU
		{8C013E8E-0ADC-4918-A97C-9BEC6F49F68C}.Debug|Any CPU.Build.0 = Debug|Any CPU
		{8C013E8E-0ADC-4918-A97C-9BEC6F49F68C}.Release|Any CPU.ActiveCfg = Release|Any CPU
		{8C013E8E-0ADC-4918-A97C-9BEC6F49F68C}.Release|Any CPU.Build.0 = Release|Any CPU
	EndGlobalSection
	GlobalSection(SolutionProperties) = preSolution
		HideSolutionNode = FALSE
	EndGlobalSection
	GlobalSection(NestedProjects) = preSolution
		{8C013E8E-0ADC-4918-A97C-9BEC6F49F68C} = {2D369AE4-06A4-4306-8451-B45120B369C6}
	EndGlobalSection
	GlobalSection(ExtensibilityGlobals) = postSolution
		SolutionGuid = {0B46B557-40E4-4CAE-A0FE-A9D74A60993C}
	EndGlobalSection
EndGlobal
