
Microsoft Visual Studio Solution File, Format Version 12.00
# Visual Studio Version 17
VisualStudioVersion = 17.5.002.0
MinimumVisualStudioVersion = 10.0.40219.1
Project("{2150E333-8FDC-42A3-9474-1A3956D46DE8}") = "src", "src", "{E8D1C32B-928C-416C-977F-38B80240FB6A}"
EndProject
Project("{9A19103F-16F7-4668-BE54-9A1E7A4F7556}") = "Play.Catalog.Contract", "src\Play.Catalog.Contract\Play.Catalog.Contract.csproj", "{A58FC726-43BD-4F2C-A0A4-6E11421CA332}"
EndProject
Project("{9A19103F-16F7-4668-BE54-9A1E7A4F7556}") = "Play.Catlog.Service", "src\Play.Catlog.Service\Play.Catlog.Service.csproj", "{27F1A2A5-7AE6-47FD-B8B9-ACFB7710F76E}"
EndProject
Global
	GlobalSection(SolutionConfigurationPlatforms) = preSolution
		Debug|Any CPU = Debug|Any CPU
		Release|Any CPU = Release|Any CPU
	EndGlobalSection
	GlobalSection(ProjectConfigurationPlatforms) = postSolution
		{A58FC726-43BD-4F2C-A0A4-6E11421CA332}.Debug|Any CPU.ActiveCfg = Debug|Any CPU
		{A58FC726-43BD-4F2C-A0A4-6E11421CA332}.Debug|Any CPU.Build.0 = Debug|Any CPU
		{A58FC726-43BD-4F2C-A0A4-6E11421CA332}.Release|Any CPU.ActiveCfg = Release|Any CPU
		{A58FC726-43BD-4F2C-A0A4-6E11421CA332}.Release|Any CPU.Build.0 = Release|Any CPU
		{27F1A2A5-7AE6-47FD-B8B9-ACFB7710F76E}.Debug|Any CPU.ActiveCfg = Debug|Any CPU
		{27F1A2A5-7AE6-47FD-B8B9-ACFB7710F76E}.Debug|Any CPU.Build.0 = Debug|Any CPU
		{27F1A2A5-7AE6-47FD-B8B9-ACFB7710F76E}.Release|Any CPU.ActiveCfg = Release|Any CPU
		{27F1A2A5-7AE6-47FD-B8B9-ACFB7710F76E}.Release|Any CPU.Build.0 = Release|Any CPU
	EndGlobalSection
	GlobalSection(SolutionProperties) = preSolution
		HideSolutionNode = FALSE
	EndGlobalSection
	GlobalSection(NestedProjects) = preSolution
		{A58FC726-43BD-4F2C-A0A4-6E11421CA332} = {E8D1C32B-928C-416C-977F-38B80240FB6A}
		{27F1A2A5-7AE6-47FD-B8B9-ACFB7710F76E} = {E8D1C32B-928C-416C-977F-38B80240FB6A}
	EndGlobalSection
	GlobalSection(ExtensibilityGlobals) = postSolution
		SolutionGuid = {E1F4A1E5-EBBA-4AFC-91B3-2A5075D75E9B}
	EndGlobalSection
EndGlobal
